
Microsoft Visual Studio Solution File, Format Version 12.00
# Visual Studio Version 17
VisualStudioVersion = 17.4.33205.214
MinimumVisualStudioVersion = 10.0.40219.1
Project("{888888A0-9F3D-457C-B088-3A5042F75D52}") = "ruut_võrrand", "ruut_võrrand\ruut_võrrand.pyproj", "{899C8C89-168E-4FB2-8AAE-25D6098B48D0}"
EndProject
Global
	GlobalSection(SolutionConfigurationPlatforms) = preSolution
		Debug|Any CPU = Debug|Any CPU
		Release|Any CPU = Release|Any CPU
	EndGlobalSection
	GlobalSection(ProjectConfigurationPlatforms) = postSolution
		{899C8C89-168E-4FB2-8AAE-25D6098B48D0}.Debug|Any CPU.ActiveCfg = Debug|Any CPU
		{899C8C89-168E-4FB2-8AAE-25D6098B48D0}.Release|Any CPU.ActiveCfg = Release|Any CPU
	EndGlobalSection
	GlobalSection(SolutionProperties) = preSolution
		HideSolutionNode = FALSE
	EndGlobalSection
	GlobalSection(ExtensibilityGlobals) = postSolution
		SolutionGuid = {DCCE15C2-9E37-4B2D-8915-7AF6217FEEF1}
	EndGlobalSection
EndGlobal
